
Microsoft Visual Studio Solution File, Format Version 12.00
# Visual Studio Version 16
VisualStudioVersion = 16.0.31105.61
MinimumVisualStudioVersion = 10.0.40219.1
Project("{FAE04EC0-301F-11D3-BF4B-00C04F79EFBC}") = "Valheim_Serverside", "Valheim_Serverside.csproj", "{118598C3-BCC2-4A92-A60E-F77BE92F1305}"
EndProject
Global
	GlobalSection(SolutionConfigurationPlatforms) = preSolution
		Debug|Any CPU = Debug|Any CPU
		Release|Any CPU = Release|Any CPU
	EndGlobalSection
	GlobalSection(ProjectConfigurationPlatforms) = postSolution
		{118598C3-BCC2-4A92-A60E-F77BE92F1305}.Debug|Any CPU.ActiveCfg = Debug|Any CPU
		{118598C3-BCC2-4A92-A60E-F77BE92F1305}.Debug|Any CPU.Build.0 = Debug|Any CPU
		{118598C3-BCC2-4A92-A60E-F77BE92F1305}.Release|Any CPU.ActiveCfg = Release|Any CPU
		{118598C3-BCC2-4A92-A60E-F77BE92F1305}.Release|Any CPU.Build.0 = Release|Any CPU
	EndGlobalSection
	GlobalSection(SolutionProperties) = preSolution
		HideSolutionNode = FALSE
	EndGlobalSection
	GlobalSection(ExtensibilityGlobals) = postSolution
		SolutionGuid = {6624079E-68CB-49D7-A49F-F2F281D7814B}
	EndGlobalSection
EndGlobal
